
Microsoft Visual Studio Solution File, Format Version 12.00
# Visual Studio Version 17
VisualStudioVersion = 17.6.33723.286
MinimumVisualStudioVersion = 10.0.40219.1
Project("{FAE04EC0-301F-11D3-BF4B-00C04F79EFBC}") = "RemoteDesktop", "RemoteDesktop\RemoteDesktop.csproj", "{950A4515-3C32-4EC3-9EA1-9321FB7DE4AD}"
EndProject
Global
	GlobalSection(SolutionConfigurationPlatforms) = preSolution
		Debug|Any CPU = Debug|Any CPU
		Release|Any CPU = Release|Any CPU
	EndGlobalSection
	GlobalSection(ProjectConfigurationPlatforms) = postSolution
		{950A4515-3C32-4EC3-9EA1-9321FB7DE4AD}.Debug|Any CPU.ActiveCfg = Debug|Any CPU
		{950A4515-3C32-4EC3-9EA1-9321FB7DE4AD}.Debug|Any CPU.Build.0 = Debug|Any CPU
		{950A4515-3C32-4EC3-9EA1-9321FB7DE4AD}.Release|Any CPU.ActiveCfg = Release|Any CPU
		{950A4515-3C32-4EC3-9EA1-9321FB7DE4AD}.Release|Any CPU.Build.0 = Release|Any CPU
	EndGlobalSection
	GlobalSection(SolutionProperties) = preSolution
		HideSolutionNode = FALSE
	EndGlobalSection
	GlobalSection(ExtensibilityGlobals) = postSolution
		SolutionGuid = {1667FDB4-6FD9-4BBF-9BAE-12EF90952EF1}
	EndGlobalSection
EndGlobal
