
Microsoft Visual Studio Solution File, Format Version 12.00
# Visual Studio Version 17
VisualStudioVersion = 17.5.33627.172
MinimumVisualStudioVersion = 10.0.40219.1
Project("{FAE04EC0-301F-11D3-BF4B-00C04F79EFBC}") = "RD_Server", "RD_Server.csproj", "{F9A65442-8BEE-42C0-8616-241CEE421FA1}"
EndProject
Global
	GlobalSection(SolutionConfigurationPlatforms) = preSolution
		Debug|Any CPU = Debug|Any CPU
		Release|Any CPU = Release|Any CPU
	EndGlobalSection
	GlobalSection(ProjectConfigurationPlatforms) = postSolution
		{F9A65442-8BEE-42C0-8616-241CEE421FA1}.Debug|Any CPU.ActiveCfg = Debug|Any CPU
		{F9A65442-8BEE-42C0-8616-241CEE421FA1}.Debug|Any CPU.Build.0 = Debug|Any CPU
		{F9A65442-8BEE-42C0-8616-241CEE421FA1}.Release|Any CPU.ActiveCfg = Release|Any CPU
		{F9A65442-8BEE-42C0-8616-241CEE421FA1}.Release|Any CPU.Build.0 = Release|Any CPU
	EndGlobalSection
	GlobalSection(SolutionProperties) = preSolution
		HideSolutionNode = FALSE
	EndGlobalSection
	GlobalSection(ExtensibilityGlobals) = postSolution
		SolutionGuid = {359107D7-67F6-479E-8A97-C2180381AE67}
	EndGlobalSection
EndGlobal
